
Microsoft Visual Studio Solution File, Format Version 12.00
# Visual Studio 14
VisualStudioVersion = 14.0.25420.1
MinimumVisualStudioVersion = 10.0.40219.1
Project("{FAE04EC0-301F-11D3-BF4B-00C04F79EFBC}") = "LongPressGesture", "LongPressGesture\LongPressGesture\LongPressGesture.csproj", "{5ECDC0FC-00F0-48F0-901B-3526EF013D0E}"
EndProject
Project("{FAE04EC0-301F-11D3-BF4B-00C04F79EFBC}") = "LongPressGesture.Droid", "LongPressGesture\LongPressGesture.Droid\LongPressGesture.Droid.csproj", "{274FE6B3-A4E3-45B0-BA36-A7A583BBBDFA}"
EndProject
Project("{FAE04EC0-301F-11D3-BF4B-00C04F79EFBC}") = "LongPressGesture.iOS", "LongPressGesture\LongPressGesture.iOS\LongPressGesture.iOS.csproj", "{DEA4C7F5-6BA4-47DF-9336-600CC0847673}"
EndProject
Project("{FAE04EC0-301F-11D3-BF4B-00C04F79EFBC}") = "LongPressGesture.WinPhone", "LongPressGesture\LongPressGesture.WinPhone\LongPressGesture.WinPhone.csproj", "{5603DBED-3DC3-4C20-861D-B92E8A3C361B}"
EndProject
Project("{FAE04EC0-301F-11D3-BF4B-00C04F79EFBC}") = "LongPressGesture.Windows", "LongPressGesture\LongPressGesture.Windows\LongPressGesture.Windows.csproj", "{39F05880-D301-4725-B0A0-9C5E84192CA9}"
EndProject
Global
	GlobalSection(SolutionConfigurationPlatforms) = preSolution
		Ad-Hoc|Any CPU = Ad-Hoc|Any CPU
		Ad-Hoc|ARM = Ad-Hoc|ARM
		Ad-Hoc|iPhone = Ad-Hoc|iPhone
		Ad-Hoc|iPhoneSimulator = Ad-Hoc|iPhoneSimulator
		Ad-Hoc|x64 = Ad-Hoc|x64
		Ad-Hoc|x86 = Ad-Hoc|x86
		AppStore|Any CPU = AppStore|Any CPU
		AppStore|ARM = AppStore|ARM
		AppStore|iPhone = AppStore|iPhone
		AppStore|iPhoneSimulator = AppStore|iPhoneSimulator
		AppStore|x64 = AppStore|x64
		AppStore|x86 = AppStore|x86
		Debug|Any CPU = Debug|Any CPU
		Debug|ARM = Debug|ARM
		Debug|iPhone = Debug|iPhone
		Debug|iPhoneSimulator = Debug|iPhoneSimulator
		Debug|x64 = Debug|x64
		Debug|x86 = Debug|x86
		Release|Any CPU = Release|Any CPU
		Release|ARM = Release|ARM
		Release|iPhone = Release|iPhone
		Release|iPhoneSimulator = Release|iPhoneSimulator
		Release|x64 = Release|x64
		Release|x86 = Release|x86
	EndGlobalSection
	GlobalSection(ProjectConfigurationPlatforms) = postSolution
		{5ECDC0FC-00F0-48F0-901B-3526EF013D0E}.Ad-Hoc|Any CPU.ActiveCfg = Release|Any CPU
		{5ECDC0FC-00F0-48F0-901B-3526EF013D0E}.Ad-Hoc|Any CPU.Build.0 = Release|Any CPU
		{5ECDC0FC-00F0-48F0-901B-3526EF013D0E}.Ad-Hoc|ARM.ActiveCfg = Release|Any CPU
		{5ECDC0FC-00F0-48F0-901B-3526EF013D0E}.Ad-Hoc|ARM.Build.0 = Release|Any CPU
		{5ECDC0FC-00F0-48F0-901B-3526EF013D0E}.Ad-Hoc|iPhone.ActiveCfg = Release|Any CPU
		{5ECDC0FC-00F0-48F0-901B-3526EF013D0E}.Ad-Hoc|iPhone.Build.0 = Release|Any CPU
		{5ECDC0FC-00F0-48F0-901B-3526EF013D0E}.Ad-Hoc|iPhoneSimulator.ActiveCfg = Release|Any CPU
		{5ECDC0FC-00F0-48F0-901B-3526EF013D0E}.Ad-Hoc|iPhoneSimulator.Build.0 = Release|Any CPU
		{5ECDC0FC-00F0-48F0-901B-3526EF013D0E}.Ad-Hoc|x64.ActiveCfg = Release|Any CPU
		{5ECDC0FC-00F0-48F0-901B-3526EF013D0E}.Ad-Hoc|x64.Build.0 = Release|Any CPU
		{5ECDC0FC-00F0-48F0-901B-3526EF013D0E}.Ad-Hoc|x86.ActiveCfg = Release|Any CPU
		{5ECDC0FC-00F0-48F0-901B-3526EF013D0E}.Ad-Hoc|x86.Build.0 = Release|Any CPU
		{5ECDC0FC-00F0-48F0-901B-3526EF013D0E}.AppStore|Any CPU.ActiveCfg = Release|Any CPU
		{5ECDC0FC-00F0-48F0-901B-3526EF013D0E}.AppStore|Any CPU.Build.0 = Release|Any CPU
		{5ECDC0FC-00F0-48F0-901B-3526EF013D0E}.AppStore|ARM.ActiveCfg = Release|Any CPU
		{5ECDC0FC-00F0-48F0-901B-3526EF013D0E}.AppStore|ARM.Build.0 = Release|Any CPU
		{5ECDC0FC-00F0-48F0-901B-3526EF013D0E}.AppStore|iPhone.ActiveCfg = Release|Any CPU
		{5ECDC0FC-00F0-48F0-901B-3526EF013D0E}.AppStore|iPhone.Build.0 = Release|Any CPU
		{5ECDC0FC-00F0-48F0-901B-3526EF013D0E}.AppStore|iPhoneSimulator.ActiveCfg = Release|Any CPU
		{5ECDC0FC-00F0-48F0-901B-3526EF013D0E}.AppStore|iPhoneSimulator.Build.0 = Release|Any CPU
		{5ECDC0FC-00F0-48F0-901B-3526EF013D0E}.AppStore|x64.ActiveCfg = Release|Any CPU
		{5ECDC0FC-00F0-48F0-901B-3526EF013D0E}.AppStore|x64.Build.0 = Release|Any CPU
		{5ECDC0FC-00F0-48F0-901B-3526EF013D0E}.AppStore|x86.ActiveCfg = Release|Any CPU
		{5ECDC0FC-00F0-48F0-901B-3526EF013D0E}.AppStore|x86.Build.0 = Release|Any CPU
		{5ECDC0FC-00F0-48F0-901B-3526EF013D0E}.Debug|Any CPU.ActiveCfg = Debug|Any CPU
		{5ECDC0FC-00F0-48F0-901B-3526EF013D0E}.Debug|Any CPU.Build.0 = Debug|Any CPU
		{5ECDC0FC-00F0-48F0-901B-3526EF013D0E}.Debug|ARM.ActiveCfg = Debug|Any CPU
		{5ECDC0FC-00F0-48F0-901B-3526EF013D0E}.Debug|ARM.Build.0 = Debug|Any CPU
		{5ECDC0FC-00F0-48F0-901B-3526EF013D0E}.Debug|iPhone.ActiveCfg = Debug|Any CPU
		{5ECDC0FC-00F0-48F0-901B-3526EF013D0E}.Debug|iPhone.Build.0 = Debug|Any CPU
		{5ECDC0FC-00F0-48F0-901B-3526EF013D0E}.Debug|iPhoneSimulator.ActiveCfg = Debug|Any CPU
		{5ECDC0FC-00F0-48F0-901B-3526EF013D0E}.Debug|iPhoneSimulator.Build.0 = Debug|Any CPU
		{5ECDC0FC-00F0-48F0-901B-3526EF013D0E}.Debug|x64.ActiveCfg = Debug|Any CPU
		{5ECDC0FC-00F0-48F0-901B-3526EF013D0E}.Debug|x64.Build.0 = Debug|Any CPU
		{5ECDC0FC-00F0-48F0-901B-3526EF013D0E}.Debug|x86.ActiveCfg = Debug|Any CPU
		{5ECDC0FC-00F0-48F0-901B-3526EF013D0E}.Debug|x86.Build.0 = Debug|Any CPU
		{5ECDC0FC-00F0-48F0-901B-3526EF013D0E}.Release|Any CPU.ActiveCfg = Release|Any CPU
		{5ECDC0FC-00F0-48F0-901B-3526EF013D0E}.Release|Any CPU.Build.0 = Release|Any CPU
		{5ECDC0FC-00F0-48F0-901B-3526EF013D0E}.Release|ARM.ActiveCfg = Release|Any CPU
		{5ECDC0FC-00F0-48F0-901B-3526EF013D0E}.Release|ARM.Build.0 = Release|Any CPU
		{5ECDC0FC-00F0-48F0-901B-3526EF013D0E}.Release|iPhone.ActiveCfg = Release|Any CPU
		{5ECDC0FC-00F0-48F0-901B-3526EF013D0E}.Release|iPhone.Build.0 = Release|Any CPU
		{5ECDC0FC-00F0-48F0-901B-3526EF013D0E}.Release|iPhoneSimulator.ActiveCfg = Release|Any CPU
		{5ECDC0FC-00F0-48F0-901B-3526EF013D0E}.Release|iPhoneSimulator.Build.0 = Release|Any CPU
		{5ECDC0FC-00F0-48F0-901B-3526EF013D0E}.Release|x64.ActiveCfg = Release|Any CPU
		{5ECDC0FC-00F0-48F0-901B-3526EF013D0E}.Release|x64.Build.0 = Release|Any CPU
		{5ECDC0FC-00F0-48F0-901B-3526EF013D0E}.Release|x86.ActiveCfg = Release|Any CPU
		{5ECDC0FC-00F0-48F0-901B-3526EF013D0E}.Release|x86.Build.0 = Release|Any CPU
		{274FE6B3-A4E3-45B0-BA36-A7A583BBBDFA}.Ad-Hoc|Any CPU.ActiveCfg = Release|Any CPU
		{274FE6B3-A4E3-45B0-BA36-A7A583BBBDFA}.Ad-Hoc|Any CPU.Build.0 = Release|Any CPU
		{274FE6B3-A4E3-45B0-BA36-A7A583BBBDFA}.Ad-Hoc|Any CPU.Deploy.0 = Release|Any CPU
		{274FE6B3-A4E3-45B0-BA36-A7A583BBBDFA}.Ad-Hoc|ARM.ActiveCfg = Release|Any CPU
		{274FE6B3-A4E3-45B0-BA36-A7A583BBBDFA}.Ad-Hoc|ARM.Build.0 = Release|Any CPU
		{274FE6B3-A4E3-45B0-BA36-A7A583BBBDFA}.Ad-Hoc|ARM.Deploy.0 = Release|Any CPU
		{274FE6B3-A4E3-45B0-BA36-A7A583BBBDFA}.Ad-Hoc|iPhone.ActiveCfg = Release|Any CPU
		{274FE6B3-A4E3-45B0-BA36-A7A583BBBDFA}.Ad-Hoc|iPhone.Build.0 = Release|Any CPU
		{274FE6B3-A4E3-45B0-BA36-A7A583BBBDFA}.Ad-Hoc|iPhone.Deploy.0 = Release|Any CPU
		{274FE6B3-A4E3-45B0-BA36-A7A583BBBDFA}.Ad-Hoc|iPhoneSimulator.ActiveCfg = Release|Any CPU
		{274FE6B3-A4E3-45B0-BA36-A7A583BBBDFA}.Ad-Hoc|iPhoneSimulator.Build.0 = Release|Any CPU
		{274FE6B3-A4E3-45B0-BA36-A7A583BBBDFA}.Ad-Hoc|iPhoneSimulator.Deploy.0 = Release|Any CPU
		{274FE6B3-A4E3-45B0-BA36-A7A583BBBDFA}.Ad-Hoc|x64.ActiveCfg = Release|Any CPU
		{274FE6B3-A4E3-45B0-BA36-A7A583BBBDFA}.Ad-Hoc|x64.Build.0 = Release|Any CPU
		{274FE6B3-A4E3-45B0-BA36-A7A583BBBDFA}.Ad-Hoc|x64.Deploy.0 = Release|Any CPU
		{274FE6B3-A4E3-45B0-BA36-A7A583BBBDFA}.Ad-Hoc|x86.ActiveCfg = Release|Any CPU
		{274FE6B3-A4E3-45B0-BA36-A7A583BBBDFA}.Ad-Hoc|x86.Build.0 = Release|Any CPU
		{274FE6B3-A4E3-45B0-BA36-A7A583BBBDFA}.Ad-Hoc|x86.Deploy.0 = Release|Any CPU
		{274FE6B3-A4E3-45B0-BA36-A7A583BBBDFA}.AppStore|Any CPU.ActiveCfg = Release|Any CPU
		{274FE6B3-A4E3-45B0-BA36-A7A583BBBDFA}.AppStore|Any CPU.Build.0 = Release|Any CPU
		{274FE6B3-A4E3-45B0-BA36-A7A583BBBDFA}.AppStore|Any CPU.Deploy.0 = Release|Any CPU
		{274FE6B3-A4E3-45B0-BA36-A7A583BBBDFA}.AppStore|ARM.ActiveCfg = Release|Any CPU
		{274FE6B3-A4E3-45B0-BA36-A7A583BBBDFA}.AppStore|ARM.Build.0 = Release|Any CPU
		{274FE6B3-A4E3-45B0-BA36-A7A583BBBDFA}.AppStore|ARM.Deploy.0 = Release|Any CPU
		{274FE6B3-A4E3-45B0-BA36-A7A583BBBDFA}.AppStore|iPhone.ActiveCfg = Release|Any CPU
		{274FE6B3-A4E3-45B0-BA36-A7A583BBBDFA}.AppStore|iPhone.Build.0 = Release|Any CPU
		{274FE6B3-A4E3-45B0-BA36-A7A583BBBDFA}.AppStore|iPhone.Deploy.0 = Release|Any CPU
		{274FE6B3-A4E3-45B0-BA36-A7A583BBBDFA}.AppStore|iPhoneSimulator.ActiveCfg = Release|Any CPU
		{274FE6B3-A4E3-45B0-BA36-A7A583BBBDFA}.AppStore|iPhoneSimulator.Build.0 = Release|Any CPU
		{274FE6B3-A4E3-45B0-BA36-A7A583BBBDFA}.AppStore|iPhoneSimulator.Deploy.0 = Release|Any CPU
		{274FE6B3-A4E3-45B0-BA36-A7A583BBBDFA}.AppStore|x64.ActiveCfg = Release|Any CPU
		{274FE6B3-A4E3-45B0-BA36-A7A583BBBDFA}.AppStore|x64.Build.0 = Release|Any CPU
		{274FE6B3-A4E3-45B0-BA36-A7A583BBBDFA}.AppStore|x64.Deploy.0 = Release|Any CPU
		{274FE6B3-A4E3-45B0-BA36-A7A583BBBDFA}.AppStore|x86.ActiveCfg = Release|Any CPU
		{274FE6B3-A4E3-45B0-BA36-A7A583BBBDFA}.AppStore|x86.Build.0 = Release|Any CPU
		{274FE6B3-A4E3-45B0-BA36-A7A583BBBDFA}.AppStore|x86.Deploy.0 = Release|Any CPU
		{274FE6B3-A4E3-45B0-BA36-A7A583BBBDFA}.Debug|Any CPU.ActiveCfg = Debug|Any CPU
		{274FE6B3-A4E3-45B0-BA36-A7A583BBBDFA}.Debug|Any CPU.Build.0 = Debug|Any CPU
		{274FE6B3-A4E3-45B0-BA36-A7A583BBBDFA}.Debug|Any CPU.Deploy.0 = Debug|Any CPU
		{274FE6B3-A4E3-45B0-BA36-A7A583BBBDFA}.Debug|ARM.ActiveCfg = Debug|Any CPU
		{274FE6B3-A4E3-45B0-BA36-A7A583BBBDFA}.Debug|ARM.Build.0 = Debug|Any CPU
		{274FE6B3-A4E3-45B0-BA36-A7A583BBBDFA}.Debug|ARM.Deploy.0 = Debug|Any CPU
		{274FE6B3-A4E3-45B0-BA36-A7A583BBBDFA}.Debug|iPhone.ActiveCfg = Debug|Any CPU
		{274FE6B3-A4E3-45B0-BA36-A7A583BBBDFA}.Debug|iPhoneSimulator.ActiveCfg = Debug|Any CPU
		{274FE6B3-A4E3-45B0-BA36-A7A583BBBDFA}.Debug|iPhoneSimulator.Build.0 = Debug|Any CPU
		{274FE6B3-A4E3-45B0-BA36-A7A583BBBDFA}.Debug|iPhoneSimulator.Deploy.0 = Debug|Any CPU
		{274FE6B3-A4E3-45B0-BA36-A7A583BBBDFA}.Debug|x64.ActiveCfg = Debug|Any CPU
		{274FE6B3-A4E3-45B0-BA36-A7A583BBBDFA}.Debug|x64.Build.0 = Debug|Any CPU
		{274FE6B3-A4E3-45B0-BA36-A7A583BBBDFA}.Debug|x64.Deploy.0 = Debug|Any CPU
		{274FE6B3-A4E3-45B0-BA36-A7A583BBBDFA}.Debug|x86.ActiveCfg = Debug|Any CPU
		{274FE6B3-A4E3-45B0-BA36-A7A583BBBDFA}.Debug|x86.Build.0 = Debug|Any CPU
		{274FE6B3-A4E3-45B0-BA36-A7A583BBBDFA}.Debug|x86.Deploy.0 = Debug|Any CPU
		{274FE6B3-A4E3-45B0-BA36-A7A583BBBDFA}.Release|Any CPU.ActiveCfg = Release|Any CPU
		{274FE6B3-A4E3-45B0-BA36-A7A583BBBDFA}.Release|Any CPU.Build.0 = Release|Any CPU
		{274FE6B3-A4E3-45B0-BA36-A7A583BBBDFA}.Release|Any CPU.Deploy.0 = Release|Any CPU
		{274FE6B3-A4E3-45B0-BA36-A7A583BBBDFA}.Release|ARM.ActiveCfg = Release|Any CPU
		{274FE6B3-A4E3-45B0-BA36-A7A583BBBDFA}.Release|ARM.Build.0 = Release|Any CPU
		{274FE6B3-A4E3-45B0-BA36-A7A583BBBDFA}.Release|ARM.Deploy.0 = Release|Any CPU
		{274FE6B3-A4E3-45B0-BA36-A7A583BBBDFA}.Release|iPhone.ActiveCfg = Release|Any CPU
		{274FE6B3-A4E3-45B0-BA36-A7A583BBBDFA}.Release|iPhone.Build.0 = Release|Any CPU
		{274FE6B3-A4E3-45B0-BA36-A7A583BBBDFA}.Release|iPhone.Deploy.0 = Release|Any CPU
		{274FE6B3-A4E3-45B0-BA36-A7A583BBBDFA}.Release|iPhoneSimulator.ActiveCfg = Release|Any CPU
		{274FE6B3-A4E3-45B0-BA36-A7A583BBBDFA}.Release|iPhoneSimulator.Build.0 = Release|Any CPU
		{274FE6B3-A4E3-45B0-BA36-A7A583BBBDFA}.Release|iPhoneSimulator.Deploy.0 = Release|Any CPU
		{274FE6B3-A4E3-45B0-BA36-A7A583BBBDFA}.Release|x64.ActiveCfg = Release|Any CPU
		{274FE6B3-A4E3-45B0-BA36-A7A583BBBDFA}.Release|x64.Build.0 = Release|Any CPU
		{274FE6B3-A4E3-45B0-BA36-A7A583BBBDFA}.Release|x64.Deploy.0 = Release|Any CPU
		{274FE6B3-A4E3-45B0-BA36-A7A583BBBDFA}.Release|x86.ActiveCfg = Release|Any CPU
		{274FE6B3-A4E3-45B0-BA36-A7A583BBBDFA}.Release|x86.Build.0 = Release|Any CPU
		{274FE6B3-A4E3-45B0-BA36-A7A583BBBDFA}.Release|x86.Deploy.0 = Release|Any CPU
		{DEA4C7F5-6BA4-47DF-9336-600CC0847673}.Ad-Hoc|Any CPU.ActiveCfg = Ad-Hoc|iPhone
		{DEA4C7F5-6BA4-47DF-9336-600CC0847673}.Ad-Hoc|ARM.ActiveCfg = Ad-Hoc|iPhone
		{DEA4C7F5-6BA4-47DF-9336-600CC0847673}.Ad-Hoc|iPhone.ActiveCfg = Ad-Hoc|iPhone
		{DEA4C7F5-6BA4-47DF-9336-600CC0847673}.Ad-Hoc|iPhone.Build.0 = Ad-Hoc|iPhone
		{DEA4C7F5-6BA4-47DF-9336-600CC0847673}.Ad-Hoc|iPhoneSimulator.ActiveCfg = Ad-Hoc|iPhoneSimulator
		{DEA4C7F5-6BA4-47DF-9336-600CC0847673}.Ad-Hoc|iPhoneSimulator.Build.0 = Ad-Hoc|iPhoneSimulator
		{DEA4C7F5-6BA4-47DF-9336-600CC0847673}.Ad-Hoc|x64.ActiveCfg = Ad-Hoc|iPhone
		{DEA4C7F5-6BA4-47DF-9336-600CC0847673}.Ad-Hoc|x86.ActiveCfg = Ad-Hoc|iPhone
		{DEA4C7F5-6BA4-47DF-9336-600CC0847673}.AppStore|Any CPU.ActiveCfg = AppStore|iPhone
		{DEA4C7F5-6BA4-47DF-9336-600CC0847673}.AppStore|ARM.ActiveCfg = AppStore|iPhone
		{DEA4C7F5-6BA4-47DF-9336-600CC0847673}.AppStore|iPhone.ActiveCfg = AppStore|iPhone
		{DEA4C7F5-6BA4-47DF-9336-600CC0847673}.AppStore|iPhone.Build.0 = AppStore|iPhone
		{DEA4C7F5-6BA4-47DF-9336-600CC0847673}.AppStore|iPhoneSimulator.ActiveCfg = AppStore|iPhoneSimulator
		{DEA4C7F5-6BA4-47DF-9336-600CC0847673}.AppStore|iPhoneSimulator.Build.0 = AppStore|iPhoneSimulator
		{DEA4C7F5-6BA4-47DF-9336-600CC0847673}.AppStore|x64.ActiveCfg = AppStore|iPhone
		{DEA4C7F5-6BA4-47DF-9336-600CC0847673}.AppStore|x86.ActiveCfg = AppStore|iPhone
		{DEA4C7F5-6BA4-47DF-9336-600CC0847673}.Debug|Any CPU.ActiveCfg = Debug|iPhone
		{DEA4C7F5-6BA4-47DF-9336-600CC0847673}.Debug|ARM.ActiveCfg = Debug|iPhone
		{DEA4C7F5-6BA4-47DF-9336-600CC0847673}.Debug|iPhone.ActiveCfg = Debug|iPhone
		{DEA4C7F5-6BA4-47DF-9336-600CC0847673}.Debug|iPhone.Build.0 = Debug|iPhone
		{DEA4C7F5-6BA4-47DF-9336-600CC0847673}.Debug|iPhoneSimulator.ActiveCfg = Debug|iPhoneSimulator
		{DEA4C7F5-6BA4-47DF-9336-600CC0847673}.Debug|iPhoneSimulator.Build.0 = Debug|iPhoneSimulator
		{DEA4C7F5-6BA4-47DF-9336-600CC0847673}.Debug|x64.ActiveCfg = Debug|iPhone
		{DEA4C7F5-6BA4-47DF-9336-600CC0847673}.Debug|x86.ActiveCfg = Debug|iPhone
		{DEA4C7F5-6BA4-47DF-9336-600CC0847673}.Release|Any CPU.ActiveCfg = Release|iPhone
		{DEA4C7F5-6BA4-47DF-9336-600CC0847673}.Release|ARM.ActiveCfg = Release|iPhone
		{DEA4C7F5-6BA4-47DF-9336-600CC0847673}.Release|iPhone.ActiveCfg = Release|iPhone
		{DEA4C7F5-6BA4-47DF-9336-600CC0847673}.Release|iPhone.Build.0 = Release|iPhone
		{DEA4C7F5-6BA4-47DF-9336-600CC0847673}.Release|iPhoneSimulator.ActiveCfg = Release|iPhoneSimulator
		{DEA4C7F5-6BA4-47DF-9336-600CC0847673}.Release|iPhoneSimulator.Build.0 = Release|iPhoneSimulator
		{DEA4C7F5-6BA4-47DF-9336-600CC0847673}.Release|x64.ActiveCfg = Release|iPhone
		{DEA4C7F5-6BA4-47DF-9336-600CC0847673}.Release|x86.ActiveCfg = Release|iPhone
		{5603DBED-3DC3-4C20-861D-B92E8A3C361B}.Ad-Hoc|Any CPU.ActiveCfg = Release|Any CPU
		{5603DBED-3DC3-4C20-861D-B92E8A3C361B}.Ad-Hoc|Any CPU.Build.0 = Release|Any CPU
		{5603DBED-3DC3-4C20-861D-B92E8A3C361B}.Ad-Hoc|Any CPU.Deploy.0 = Release|Any CPU
		{5603DBED-3DC3-4C20-861D-B92E8A3C361B}.Ad-Hoc|ARM.ActiveCfg = Release|ARM
		{5603DBED-3DC3-4C20-861D-B92E8A3C361B}.Ad-Hoc|ARM.Build.0 = Release|ARM
		{5603DBED-3DC3-4C20-861D-B92E8A3C361B}.Ad-Hoc|ARM.Deploy.0 = Release|ARM
		{5603DBED-3DC3-4C20-861D-B92E8A3C361B}.Ad-Hoc|iPhone.ActiveCfg = Release|Any CPU
		{5603DBED-3DC3-4C20-861D-B92E8A3C361B}.Ad-Hoc|iPhone.Build.0 = Release|Any CPU
		{5603DBED-3DC3-4C20-861D-B92E8A3C361B}.Ad-Hoc|iPhone.Deploy.0 = Release|Any CPU
		{5603DBED-3DC3-4C20-861D-B92E8A3C361B}.Ad-Hoc|iPhoneSimulator.ActiveCfg = Release|Any CPU
		{5603DBED-3DC3-4C20-861D-B92E8A3C361B}.Ad-Hoc|iPhoneSimulator.Build.0 = Release|Any CPU
		{5603DBED-3DC3-4C20-861D-B92E8A3C361B}.Ad-Hoc|iPhoneSimulator.Deploy.0 = Release|Any CPU
		{5603DBED-3DC3-4C20-861D-B92E8A3C361B}.Ad-Hoc|x64.ActiveCfg = Release|Any CPU
		{5603DBED-3DC3-4C20-861D-B92E8A3C361B}.Ad-Hoc|x64.Build.0 = Release|Any CPU
		{5603DBED-3DC3-4C20-861D-B92E8A3C361B}.Ad-Hoc|x64.Deploy.0 = Release|Any CPU
		{5603DBED-3DC3-4C20-861D-B92E8A3C361B}.Ad-Hoc|x86.ActiveCfg = Release|x86
		{5603DBED-3DC3-4C20-861D-B92E8A3C361B}.Ad-Hoc|x86.Build.0 = Release|x86
		{5603DBED-3DC3-4C20-861D-B92E8A3C361B}.Ad-Hoc|x86.Deploy.0 = Release|x86
		{5603DBED-3DC3-4C20-861D-B92E8A3C361B}.AppStore|Any CPU.ActiveCfg = Release|Any CPU
		{5603DBED-3DC3-4C20-861D-B92E8A3C361B}.AppStore|Any CPU.Build.0 = Release|Any CPU
		{5603DBED-3DC3-4C20-861D-B92E8A3C361B}.AppStore|Any CPU.Deploy.0 = Release|Any CPU
		{5603DBED-3DC3-4C20-861D-B92E8A3C361B}.AppStore|ARM.ActiveCfg = Release|ARM
		{5603DBED-3DC3-4C20-861D-B92E8A3C361B}.AppStore|ARM.Build.0 = Release|ARM
		{5603DBED-3DC3-4C20-861D-B92E8A3C361B}.AppStore|ARM.Deploy.0 = Release|ARM
		{5603DBED-3DC3-4C20-861D-B92E8A3C361B}.AppStore|iPhone.ActiveCfg = Release|Any CPU
		{5603DBED-3DC3-4C20-861D-B92E8A3C361B}.AppStore|iPhone.Build.0 = Release|Any CPU
		{5603DBED-3DC3-4C20-861D-B92E8A3C361B}.AppStore|iPhone.Deploy.0 = Release|Any CPU
		{5603DBED-3DC3-4C20-861D-B92E8A3C361B}.AppStore|iPhoneSimulator.ActiveCfg = Release|Any CPU
		{5603DBED-3DC3-4C20-861D-B92E8A3C361B}.AppStore|iPhoneSimulator.Build.0 = Release|Any CPU
		{5603DBED-3DC3-4C20-861D-B92E8A3C361B}.AppStore|iPhoneSimulator.Deploy.0 = Release|Any CPU
		{5603DBED-3DC3-4C20-861D-B92E8A3C361B}.AppStore|x64.ActiveCfg = Release|Any CPU
		{5603DBED-3DC3-4C20-861D-B92E8A3C361B}.AppStore|x64.Build.0 = Release|Any CPU
		{5603DBED-3DC3-4C20-861D-B92E8A3C361B}.AppStore|x64.Deploy.0 = Release|Any CPU
		{5603DBED-3DC3-4C20-861D-B92E8A3C361B}.AppStore|x86.ActiveCfg = Release|x86
		{5603DBED-3DC3-4C20-861D-B92E8A3C361B}.AppStore|x86.Build.0 = Release|x86
		{5603DBED-3DC3-4C20-861D-B92E8A3C361B}.AppStore|x86.Deploy.0 = Release|x86
		{5603DBED-3DC3-4C20-861D-B92E8A3C361B}.Debug|Any CPU.ActiveCfg = Debug|Any CPU
		{5603DBED-3DC3-4C20-861D-B92E8A3C361B}.Debug|ARM.ActiveCfg = Debug|ARM
		{5603DBED-3DC3-4C20-861D-B92E8A3C361B}.Debug|ARM.Build.0 = Debug|ARM
		{5603DBED-3DC3-4C20-861D-B92E8A3C361B}.Debug|ARM.Deploy.0 = Debug|ARM
		{5603DBED-3DC3-4C20-861D-B92E8A3C361B}.Debug|iPhone.ActiveCfg = Debug|Any CPU
		{5603DBED-3DC3-4C20-861D-B92E8A3C361B}.Debug|iPhoneSimulator.ActiveCfg = Debug|Any CPU
		{5603DBED-3DC3-4C20-861D-B92E8A3C361B}.Debug|iPhoneSimulator.Build.0 = Debug|Any CPU
		{5603DBED-3DC3-4C20-861D-B92E8A3C361B}.Debug|iPhoneSimulator.Deploy.0 = Debug|Any CPU
		{5603DBED-3DC3-4C20-861D-B92E8A3C361B}.Debug|x64.ActiveCfg = Debug|Any CPU
		{5603DBED-3DC3-4C20-861D-B92E8A3C361B}.Debug|x64.Build.0 = Debug|Any CPU
		{5603DBED-3DC3-4C20-861D-B92E8A3C361B}.Debug|x64.Deploy.0 = Debug|Any CPU
		{5603DBED-3DC3-4C20-861D-B92E8A3C361B}.Debug|x86.ActiveCfg = Debug|x86
		{5603DBED-3DC3-4C20-861D-B92E8A3C361B}.Debug|x86.Build.0 = Debug|x86
		{5603DBED-3DC3-4C20-861D-B92E8A3C361B}.Debug|x86.Deploy.0 = Debug|x86
		{5603DBED-3DC3-4C20-861D-B92E8A3C361B}.Release|Any CPU.ActiveCfg = Release|Any CPU
		{5603DBED-3DC3-4C20-861D-B92E8A3C361B}.Release|Any CPU.Build.0 = Release|Any CPU
		{5603DBED-3DC3-4C20-861D-B92E8A3C361B}.Release|Any CPU.Deploy.0 = Release|Any CPU
		{5603DBED-3DC3-4C20-861D-B92E8A3C361B}.Release|ARM.ActiveCfg = Release|ARM
		{5603DBED-3DC3-4C20-861D-B92E8A3C361B}.Release|ARM.Build.0 = Release|ARM
		{5603DBED-3DC3-4C20-861D-B92E8A3C361B}.Release|ARM.Deploy.0 = Release|ARM
		{5603DBED-3DC3-4C20-861D-B92E8A3C361B}.Release|iPhone.ActiveCfg = Release|Any CPU
		{5603DBED-3DC3-4C20-861D-B92E8A3C361B}.Release|iPhone.Build.0 = Release|Any CPU
		{5603DBED-3DC3-4C20-861D-B92E8A3C361B}.Release|iPhone.Deploy.0 = Release|Any CPU
		{5603DBED-3DC3-4C20-861D-B92E8A3C361B}.Release|iPhoneSimulator.ActiveCfg = Release|Any CPU
		{5603DBED-3DC3-4C20-861D-B92E8A3C361B}.Release|iPhoneSimulator.Build.0 = Release|Any CPU
		{5603DBED-3DC3-4C20-861D-B92E8A3C361B}.Release|iPhoneSimulator.Deploy.0 = Release|Any CPU
		{5603DBED-3DC3-4C20-861D-B92E8A3C361B}.Release|x64.ActiveCfg = Release|Any CPU
		{5603DBED-3DC3-4C20-861D-B92E8A3C361B}.Release|x64.Build.0 = Release|Any CPU
		{5603DBED-3DC3-4C20-861D-B92E8A3C361B}.Release|x64.Deploy.0 = Release|Any CPU
		{5603DBED-3DC3-4C20-861D-B92E8A3C361B}.Release|x86.ActiveCfg = Release|x86
		{5603DBED-3DC3-4C20-861D-B92E8A3C361B}.Release|x86.Build.0 = Release|x86
		{5603DBED-3DC3-4C20-861D-B92E8A3C361B}.Release|x86.Deploy.0 = Release|x86
		{39F05880-D301-4725-B0A0-9C5E84192CA9}.Ad-Hoc|Any CPU.ActiveCfg = Release|Any CPU
		{39F05880-D301-4725-B0A0-9C5E84192CA9}.Ad-Hoc|Any CPU.Build.0 = Release|Any CPU
		{39F05880-D301-4725-B0A0-9C5E84192CA9}.Ad-Hoc|Any CPU.Deploy.0 = Release|Any CPU
		{39F05880-D301-4725-B0A0-9C5E84192CA9}.Ad-Hoc|ARM.ActiveCfg = Release|ARM
		{39F05880-D301-4725-B0A0-9C5E84192CA9}.Ad-Hoc|ARM.Build.0 = Release|ARM
		{39F05880-D301-4725-B0A0-9C5E84192CA9}.Ad-Hoc|ARM.Deploy.0 = Release|ARM
		{39F05880-D301-4725-B0A0-9C5E84192CA9}.Ad-Hoc|iPhone.ActiveCfg = Release|Any CPU
		{39F05880-D301-4725-B0A0-9C5E84192CA9}.Ad-Hoc|iPhone.Build.0 = Release|Any CPU
		{39F05880-D301-4725-B0A0-9C5E84192CA9}.Ad-Hoc|iPhone.Deploy.0 = Release|Any CPU
		{39F05880-D301-4725-B0A0-9C5E84192CA9}.Ad-Hoc|iPhoneSimulator.ActiveCfg = Release|Any CPU
		{39F05880-D301-4725-B0A0-9C5E84192CA9}.Ad-Hoc|iPhoneSimulator.Build.0 = Release|Any CPU
		{39F05880-D301-4725-B0A0-9C5E84192CA9}.Ad-Hoc|iPhoneSimulator.Deploy.0 = Release|Any CPU
		{39F05880-D301-4725-B0A0-9C5E84192CA9}.Ad-Hoc|x64.ActiveCfg = Release|x64
		{39F05880-D301-4725-B0A0-9C5E84192CA9}.Ad-Hoc|x64.Build.0 = Release|x64
		{39F05880-D301-4725-B0A0-9C5E84192CA9}.Ad-Hoc|x64.Deploy.0 = Release|x64
		{39F05880-D301-4725-B0A0-9C5E84192CA9}.Ad-Hoc|x86.ActiveCfg = Release|x86
		{39F05880-D301-4725-B0A0-9C5E84192CA9}.Ad-Hoc|x86.Build.0 = Release|x86
		{39F05880-D301-4725-B0A0-9C5E84192CA9}.Ad-Hoc|x86.Deploy.0 = Release|x86
		{39F05880-D301-4725-B0A0-9C5E84192CA9}.AppStore|Any CPU.ActiveCfg = Release|Any CPU
		{39F05880-D301-4725-B0A0-9C5E84192CA9}.AppStore|Any CPU.Build.0 = Release|Any CPU
		{39F05880-D301-4725-B0A0-9C5E84192CA9}.AppStore|Any CPU.Deploy.0 = Release|Any CPU
		{39F05880-D301-4725-B0A0-9C5E84192CA9}.AppStore|ARM.ActiveCfg = Release|ARM
		{39F05880-D301-4725-B0A0-9C5E84192CA9}.AppStore|ARM.Build.0 = Release|ARM
		{39F05880-D301-4725-B0A0-9C5E84192CA9}.AppStore|ARM.Deploy.0 = Release|ARM
		{39F05880-D301-4725-B0A0-9C5E84192CA9}.AppStore|iPhone.ActiveCfg = Release|Any CPU
		{39F05880-D301-4725-B0A0-9C5E84192CA9}.AppStore|iPhone.Build.0 = Release|Any CPU
		{39F05880-D301-4725-B0A0-9C5E84192CA9}.AppStore|iPhone.Deploy.0 = Release|Any CPU
		{39F05880-D301-4725-B0A0-9C5E84192CA9}.AppStore|iPhoneSimulator.ActiveCfg = Release|Any CPU
		{39F05880-D301-4725-B0A0-9C5E84192CA9}.AppStore|iPhoneSimulator.Build.0 = Release|Any CPU
		{39F05880-D301-4725-B0A0-9C5E84192CA9}.AppStore|iPhoneSimulator.Deploy.0 = Release|Any CPU
		{39F05880-D301-4725-B0A0-9C5E84192CA9}.AppStore|x64.ActiveCfg = Release|x64
		{39F05880-D301-4725-B0A0-9C5E84192CA9}.AppStore|x64.Build.0 = Release|x64
		{39F05880-D301-4725-B0A0-9C5E84192CA9}.AppStore|x64.Deploy.0 = Release|x64
		{39F05880-D301-4725-B0A0-9C5E84192CA9}.AppStore|x86.ActiveCfg = Release|x86
		{39F05880-D301-4725-B0A0-9C5E84192CA9}.AppStore|x86.Build.0 = Release|x86
		{39F05880-D301-4725-B0A0-9C5E84192CA9}.AppStore|x86.Deploy.0 = Release|x86
		{39F05880-D301-4725-B0A0-9C5E84192CA9}.Debug|Any CPU.ActiveCfg = Debug|Any CPU
		{39F05880-D301-4725-B0A0-9C5E84192CA9}.Debug|ARM.ActiveCfg = Debug|ARM
		{39F05880-D301-4725-B0A0-9C5E84192CA9}.Debug|ARM.Build.0 = Debug|ARM
		{39F05880-D301-4725-B0A0-9C5E84192CA9}.Debug|ARM.Deploy.0 = Debug|ARM
		{39F05880-D301-4725-B0A0-9C5E84192CA9}.Debug|iPhone.ActiveCfg = Debug|Any CPU
		{39F05880-D301-4725-B0A0-9C5E84192CA9}.Debug|iPhoneSimulator.ActiveCfg = Debug|Any CPU
		{39F05880-D301-4725-B0A0-9C5E84192CA9}.Debug|iPhoneSimulator.Build.0 = Debug|Any CPU
		{39F05880-D301-4725-B0A0-9C5E84192CA9}.Debug|iPhoneSimulator.Deploy.0 = Debug|Any CPU
		{39F05880-D301-4725-B0A0-9C5E84192CA9}.Debug|x64.ActiveCfg = Debug|x64
		{39F05880-D301-4725-B0A0-9C5E84192CA9}.Debug|x64.Build.0 = Debug|x64
		{39F05880-D301-4725-B0A0-9C5E84192CA9}.Debug|x64.Deploy.0 = Debug|x64
		{39F05880-D301-4725-B0A0-9C5E84192CA9}.Debug|x86.ActiveCfg = Debug|x86
		{39F05880-D301-4725-B0A0-9C5E84192CA9}.Debug|x86.Build.0 = Debug|x86
		{39F05880-D301-4725-B0A0-9C5E84192CA9}.Debug|x86.Deploy.0 = Debug|x86
		{39F05880-D301-4725-B0A0-9C5E84192CA9}.Release|Any CPU.ActiveCfg = Release|Any CPU
		{39F05880-D301-4725-B0A0-9C5E84192CA9}.Release|Any CPU.Build.0 = Release|Any CPU
		{39F05880-D301-4725-B0A0-9C5E84192CA9}.Release|Any CPU.Deploy.0 = Release|Any CPU
		{39F05880-D301-4725-B0A0-9C5E84192CA9}.Release|ARM.ActiveCfg = Release|ARM
		{39F05880-D301-4725-B0A0-9C5E84192CA9}.Release|ARM.Build.0 = Release|ARM
		{39F05880-D301-4725-B0A0-9C5E84192CA9}.Release|ARM.Deploy.0 = Release|ARM
		{39F05880-D301-4725-B0A0-9C5E84192CA9}.Release|iPhone.ActiveCfg = Release|Any CPU
		{39F05880-D301-4725-B0A0-9C5E84192CA9}.Release|iPhone.Build.0 = Release|Any CPU
		{39F05880-D301-4725-B0A0-9C5E84192CA9}.Release|iPhone.Deploy.0 = Release|Any CPU
		{39F05880-D301-4725-B0A0-9C5E84192CA9}.Release|iPhoneSimulator.ActiveCfg = Release|Any CPU
		{39F05880-D301-4725-B0A0-9C5E84192CA9}.Release|iPhoneSimulator.Build.0 = Release|Any CPU
		{39F05880-D301-4725-B0A0-9C5E84192CA9}.Release|iPhoneSimulator.Deploy.0 = Release|Any CPU
		{39F05880-D301-4725-B0A0-9C5E84192CA9}.Release|x64.ActiveCfg = Release|x64
		{39F05880-D301-4725-B0A0-9C5E84192CA9}.Release|x64.Build.0 = Release|x64
		{39F05880-D301-4725-B0A0-9C5E84192CA9}.Release|x64.Deploy.0 = Release|x64
		{39F05880-D301-4725-B0A0-9C5E84192CA9}.Release|x86.ActiveCfg = Release|x86
		{39F05880-D301-4725-B0A0-9C5E84192CA9}.Release|x86.Build.0 = Release|x86
		{39F05880-D301-4725-B0A0-9C5E84192CA9}.Release|x86.Deploy.0 = Release|x86
	EndGlobalSection
	GlobalSection(SolutionProperties) = preSolution
		HideSolutionNode = FALSE
	EndGlobalSection
EndGlobal
